
Microsoft Visual Studio Solution File, Format Version 12.00
# Visual Studio Version 16
VisualStudioVersion = 16.0.31229.75
MinimumVisualStudioVersion = 10.0.40219.1
Project("{2150E333-8FDC-42A3-9474-1A3956D46DE8}") = "Tests", "Tests", "{D0C99DB4-2408-4939-8019-B62EBD722D84}"
EndProject
Project("{9A19103F-16F7-4668-BE54-9A1E7A4F7556}") = "TradingEngine", "TradingEngine.csproj", "{1619E887-4550-4816-AB54-C0EDE6D1EB1C}"
EndProject
Project("{2150E333-8FDC-42A3-9474-1A3956D46DE8}") = "Libraries", "Libraries", "{8BF198D5-1350-4FEC-845A-9A4660D5B660}"
EndProject
Project("{2150E333-8FDC-42A3-9474-1A3956D46DE8}") = "OrderEntry", "OrderEntry", "{CC19DFB2-53BC-4B16-884F-59F028DA5621}"
EndProject
Project("{9A19103F-16F7-4668-BE54-9A1E7A4F7556}") = "PriceCS", "..\Libraries\OrderEntry\PriceCS\PriceCS.csproj", "{CC50503D-94B1-44E1-8FAC-6645F4B29376}"
EndProject
Project("{9A19103F-16F7-4668-BE54-9A1E7A4F7556}") = "OrdersCS", "..\Libraries\OrderEntry\OrdersCS\OrdersCS.csproj", "{16489A52-982E-4EB5-955B-CAFAB814FF0F}"
EndProject
Project("{9A19103F-16F7-4668-BE54-9A1E7A4F7556}") = "OrderEntryProtoCS", "..\Libraries\OrderEntry\OrderEntryProtoCS\OrderEntryProtoCS.csproj", "{2D8D9CAD-B84C-4BD6-90C6-4982E53646DE}"
EndProject
Project("{9A19103F-16F7-4668-BE54-9A1E7A4F7556}") = "OrderEntryProtoAdapterCS", "..\Libraries\OrderEntry\OrderEntryProtoAdapterCS\OrderEntryProtoAdapterCS.csproj", "{2A045920-D4CD-42EB-AAE5-7D272A3FBEEB}"
EndProject
Project("{9A19103F-16F7-4668-BE54-9A1E7A4F7556}") = "OrderEntryCommunicationServerCS", "..\Libraries\OrderEntry\OrderEntryCommunicationServerCS\OrderEntryCommunicationServerCS.csproj", "{FC31B809-82D2-4631-8DE8-DD147D1CDDA2}"
EndProject
Project("{9A19103F-16F7-4668-BE54-9A1E7A4F7556}") = "OrderbookDataCS", "..\Libraries\OrderEntry\OrderbookDataCS\OrderbookDataCS.csproj", "{DAD9D931-4A54-46E9-AFBF-FF75564BB171}"
EndProject
Project("{9A19103F-16F7-4668-BE54-9A1E7A4F7556}") = "OrderbookCS", "..\Libraries\OrderEntry\OrderbookCS\OrderbookCS.csproj", "{A97A4DA3-E8CA-4C6A-826C-1F03E103E4C4}"
EndProject
Project("{9A19103F-16F7-4668-BE54-9A1E7A4F7556}") = "InstrumentCS", "..\Libraries\OrderEntry\InstrumentCS\InstrumentCS.csproj", "{1B4510FE-FE32-4333-8DD7-0B53B11E131D}"
EndProject
Project("{9A19103F-16F7-4668-BE54-9A1E7A4F7556}") = "ExchangeCS", "..\Libraries\OrderEntry\ExchangeCS\ExchangeCS.csproj", "{411EFF06-C001-4B0C-88D3-BB510AF9F857}"
EndProject
Project("{2150E333-8FDC-42A3-9474-1A3956D46DE8}") = "Misc", "Misc", "{0C59E11C-2A76-4080-92C6-7DA9234A5FCB}"
EndProject
Project("{9A19103F-16F7-4668-BE54-9A1E7A4F7556}") = "LoggingCS", "..\Libraries\Misc\LoggingCS\LoggingCS.csproj", "{9B8D8EC8-F895-478F-96DA-FA561A8AE2ED}"
EndProject
Project("{9A19103F-16F7-4668-BE54-9A1E7A4F7556}") = "ExtensionsCS", "..\Libraries\Misc\ExtensionsCS\ExtensionsCS.csproj", "{360CF64D-B58F-4B9D-B03E-394B8F73483B}"
EndProject
Project("{9A19103F-16F7-4668-BE54-9A1E7A4F7556}") = "CommonCS", "..\Libraries\Misc\CommonCS\CommonCS.csproj", "{17CD441A-B89D-4D28-821B-0C770947C325}"
EndProject
Project("{2150E333-8FDC-42A3-9474-1A3956D46DE8}") = "MarketData", "MarketData", "{D599A8DD-98AD-4279-A64D-744FBC7F527B}"
EndProject
Project("{9A19103F-16F7-4668-BE54-9A1E7A4F7556}") = "MarketDataProtoCS", "..\Libraries\MarketData\MarketDataProtoCS\MarketDataProtoCS.csproj", "{1391A1D9-73F2-4715-9F5A-333CE6483739}"
EndProject
Project("{9A19103F-16F7-4668-BE54-9A1E7A4F7556}") = "MarketDataProtoAdapterCS", "..\Libraries\MarketData\MarketDataProtoAdapterCS\MarketDataProtoAdapterCS.csproj", "{DA0F8E97-DD2C-4D7F-81D9-FE93995E09E5}"
EndProject
Project("{9A19103F-16F7-4668-BE54-9A1E7A4F7556}") = "MarketDataCS", "..\Libraries\MarketData\MarketDataCS\MarketDataCS.csproj", "{FF8720FD-3078-4ED1-BBC2-93FDCC86D7E6}"
EndProject
Project("{9A19103F-16F7-4668-BE54-9A1E7A4F7556}") = "OrderbookDataCSTests", "..\Tests\OrderbookDataCSTests\OrderbookDataCSTests.csproj", "{4BEAF5CC-0ED7-489D-87BE-1B03CE04AFD4}"
EndProject
Project("{9A19103F-16F7-4668-BE54-9A1E7A4F7556}") = "OrderbookCSTest", "..\Tests\OrderbookCSTests\OrderbookCSTest.csproj", "{D891B74E-6A0B-40AF-93A3-F5502FF1152C}"
EndProject
Global
	GlobalSection(SolutionConfigurationPlatforms) = preSolution
		Debug|Any CPU = Debug|Any CPU
		Release|Any CPU = Release|Any CPU
	EndGlobalSection
	GlobalSection(ProjectConfigurationPlatforms) = postSolution
		{1619E887-4550-4816-AB54-C0EDE6D1EB1C}.Debug|Any CPU.ActiveCfg = Debug|Any CPU
		{1619E887-4550-4816-AB54-C0EDE6D1EB1C}.Debug|Any CPU.Build.0 = Debug|Any CPU
		{1619E887-4550-4816-AB54-C0EDE6D1EB1C}.Release|Any CPU.ActiveCfg = Release|Any CPU
		{1619E887-4550-4816-AB54-C0EDE6D1EB1C}.Release|Any CPU.Build.0 = Release|Any CPU
		{CC50503D-94B1-44E1-8FAC-6645F4B29376}.Debug|Any CPU.ActiveCfg = Debug|Any CPU
		{CC50503D-94B1-44E1-8FAC-6645F4B29376}.Debug|Any CPU.Build.0 = Debug|Any CPU
		{CC50503D-94B1-44E1-8FAC-6645F4B29376}.Release|Any CPU.ActiveCfg = Release|Any CPU
		{CC50503D-94B1-44E1-8FAC-6645F4B29376}.Release|Any CPU.Build.0 = Release|Any CPU
		{16489A52-982E-4EB5-955B-CAFAB814FF0F}.Debug|Any CPU.ActiveCfg = Debug|Any CPU
		{16489A52-982E-4EB5-955B-CAFAB814FF0F}.Debug|Any CPU.Build.0 = Debug|Any CPU
		{16489A52-982E-4EB5-955B-CAFAB814FF0F}.Release|Any CPU.ActiveCfg = Release|Any CPU
		{16489A52-982E-4EB5-955B-CAFAB814FF0F}.Release|Any CPU.Build.0 = Release|Any CPU
		{2D8D9CAD-B84C-4BD6-90C6-4982E53646DE}.Debug|Any CPU.ActiveCfg = Debug|Any CPU
		{2D8D9CAD-B84C-4BD6-90C6-4982E53646DE}.Debug|Any CPU.Build.0 = Debug|Any CPU
		{2D8D9CAD-B84C-4BD6-90C6-4982E53646DE}.Release|Any CPU.ActiveCfg = Release|Any CPU
		{2D8D9CAD-B84C-4BD6-90C6-4982E53646DE}.Release|Any CPU.Build.0 = Release|Any CPU
		{2A045920-D4CD-42EB-AAE5-7D272A3FBEEB}.Debug|Any CPU.ActiveCfg = Debug|Any CPU
		{2A045920-D4CD-42EB-AAE5-7D272A3FBEEB}.Debug|Any CPU.Build.0 = Debug|Any CPU
		{2A045920-D4CD-42EB-AAE5-7D272A3FBEEB}.Release|Any CPU.ActiveCfg = Release|Any CPU
		{2A045920-D4CD-42EB-AAE5-7D272A3FBEEB}.Release|Any CPU.Build.0 = Release|Any CPU
		{FC31B809-82D2-4631-8DE8-DD147D1CDDA2}.Debug|Any CPU.ActiveCfg = Debug|Any CPU
		{FC31B809-82D2-4631-8DE8-DD147D1CDDA2}.Debug|Any CPU.Build.0 = Debug|Any CPU
		{FC31B809-82D2-4631-8DE8-DD147D1CDDA2}.Release|Any CPU.ActiveCfg = Release|Any CPU
		{FC31B809-82D2-4631-8DE8-DD147D1CDDA2}.Release|Any CPU.Build.0 = Release|Any CPU
		{DAD9D931-4A54-46E9-AFBF-FF75564BB171}.Debug|Any CPU.ActiveCfg = Debug|Any CPU
		{DAD9D931-4A54-46E9-AFBF-FF75564BB171}.Debug|Any CPU.Build.0 = Debug|Any CPU
		{DAD9D931-4A54-46E9-AFBF-FF75564BB171}.Release|Any CPU.ActiveCfg = Release|Any CPU
		{DAD9D931-4A54-46E9-AFBF-FF75564BB171}.Release|Any CPU.Build.0 = Release|Any CPU
		{A97A4DA3-E8CA-4C6A-826C-1F03E103E4C4}.Debug|Any CPU.ActiveCfg = Debug|Any CPU
		{A97A4DA3-E8CA-4C6A-826C-1F03E103E4C4}.Debug|Any CPU.Build.0 = Debug|Any CPU
		{A97A4DA3-E8CA-4C6A-826C-1F03E103E4C4}.Release|Any CPU.ActiveCfg = Release|Any CPU
		{A97A4DA3-E8CA-4C6A-826C-1F03E103E4C4}.Release|Any CPU.Build.0 = Release|Any CPU
		{1B4510FE-FE32-4333-8DD7-0B53B11E131D}.Debug|Any CPU.ActiveCfg = Debug|Any CPU
		{1B4510FE-FE32-4333-8DD7-0B53B11E131D}.Debug|Any CPU.Build.0 = Debug|Any CPU
		{1B4510FE-FE32-4333-8DD7-0B53B11E131D}.Release|Any CPU.ActiveCfg = Release|Any CPU
		{1B4510FE-FE32-4333-8DD7-0B53B11E131D}.Release|Any CPU.Build.0 = Release|Any CPU
		{411EFF06-C001-4B0C-88D3-BB510AF9F857}.Debug|Any CPU.ActiveCfg = Debug|Any CPU
		{411EFF06-C001-4B0C-88D3-BB510AF9F857}.Debug|Any CPU.Build.0 = Debug|Any CPU
		{411EFF06-C001-4B0C-88D3-BB510AF9F857}.Release|Any CPU.ActiveCfg = Release|Any CPU
		{411EFF06-C001-4B0C-88D3-BB510AF9F857}.Release|Any CPU.Build.0 = Release|Any CPU
		{9B8D8EC8-F895-478F-96DA-FA561A8AE2ED}.Debug|Any CPU.ActiveCfg = Debug|Any CPU
		{9B8D8EC8-F895-478F-96DA-FA561A8AE2ED}.Debug|Any CPU.Build.0 = Debug|Any CPU
		{9B8D8EC8-F895-478F-96DA-FA561A8AE2ED}.Release|Any CPU.ActiveCfg = Release|Any CPU
		{9B8D8EC8-F895-478F-96DA-FA561A8AE2ED}.Release|Any CPU.Build.0 = Release|Any CPU
		{360CF64D-B58F-4B9D-B03E-394B8F73483B}.Debug|Any CPU.ActiveCfg = Debug|Any CPU
		{360CF64D-B58F-4B9D-B03E-394B8F73483B}.Debug|Any CPU.Build.0 = Debug|Any CPU
		{360CF64D-B58F-4B9D-B03E-394B8F73483B}.Release|Any CPU.ActiveCfg = Release|Any CPU
		{360CF64D-B58F-4B9D-B03E-394B8F73483B}.Release|Any CPU.Build.0 = Release|Any CPU
		{17CD441A-B89D-4D28-821B-0C770947C325}.Debug|Any CPU.ActiveCfg = Debug|Any CPU
		{17CD441A-B89D-4D28-821B-0C770947C325}.Debug|Any CPU.Build.0 = Debug|Any CPU
		{17CD441A-B89D-4D28-821B-0C770947C325}.Release|Any CPU.ActiveCfg = Release|Any CPU
		{17CD441A-B89D-4D28-821B-0C770947C325}.Release|Any CPU.Build.0 = Release|Any CPU
		{1391A1D9-73F2-4715-9F5A-333CE6483739}.Debug|Any CPU.ActiveCfg = Debug|Any CPU
		{1391A1D9-73F2-4715-9F5A-333CE6483739}.Debug|Any CPU.Build.0 = Debug|Any CPU
		{1391A1D9-73F2-4715-9F5A-333CE6483739}.Release|Any CPU.ActiveCfg = Release|Any CPU
		{1391A1D9-73F2-4715-9F5A-333CE6483739}.Release|Any CPU.Build.0 = Release|Any CPU
		{DA0F8E97-DD2C-4D7F-81D9-FE93995E09E5}.Debug|Any CPU.ActiveCfg = Debug|Any CPU
		{DA0F8E97-DD2C-4D7F-81D9-FE93995E09E5}.Debug|Any CPU.Build.0 = Debug|Any CPU
		{DA0F8E97-DD2C-4D7F-81D9-FE93995E09E5}.Release|Any CPU.ActiveCfg = Release|Any CPU
		{DA0F8E97-DD2C-4D7F-81D9-FE93995E09E5}.Release|Any CPU.Build.0 = Release|Any CPU
		{FF8720FD-3078-4ED1-BBC2-93FDCC86D7E6}.Debug|Any CPU.ActiveCfg = Debug|Any CPU
		{FF8720FD-3078-4ED1-BBC2-93FDCC86D7E6}.Debug|Any CPU.Build.0 = Debug|Any CPU
		{FF8720FD-3078-4ED1-BBC2-93FDCC86D7E6}.Release|Any CPU.ActiveCfg = Release|Any CPU
		{FF8720FD-3078-4ED1-BBC2-93FDCC86D7E6}.Release|Any CPU.Build.0 = Release|Any CPU
		{4BEAF5CC-0ED7-489D-87BE-1B03CE04AFD4}.Debug|Any CPU.ActiveCfg = Debug|Any CPU
		{4BEAF5CC-0ED7-489D-87BE-1B03CE04AFD4}.Debug|Any CPU.Build.0 = Debug|Any CPU
		{4BEAF5CC-0ED7-489D-87BE-1B03CE04AFD4}.Release|Any CPU.ActiveCfg = Release|Any CPU
		{4BEAF5CC-0ED7-489D-87BE-1B03CE04AFD4}.Release|Any CPU.Build.0 = Release|Any CPU
		{D891B74E-6A0B-40AF-93A3-F5502FF1152C}.Debug|Any CPU.ActiveCfg = Debug|Any CPU
		{D891B74E-6A0B-40AF-93A3-F5502FF1152C}.Debug|Any CPU.Build.0 = Debug|Any CPU
		{D891B74E-6A0B-40AF-93A3-F5502FF1152C}.Release|Any CPU.ActiveCfg = Release|Any CPU
		{D891B74E-6A0B-40AF-93A3-F5502FF1152C}.Release|Any CPU.Build.0 = Release|Any CPU
	EndGlobalSection
	GlobalSection(SolutionProperties) = preSolution
		HideSolutionNode = FALSE
	EndGlobalSection
	GlobalSection(NestedProjects) = preSolution
		{CC19DFB2-53BC-4B16-884F-59F028DA5621} = {8BF198D5-1350-4FEC-845A-9A4660D5B660}
		{CC50503D-94B1-44E1-8FAC-6645F4B29376} = {CC19DFB2-53BC-4B16-884F-59F028DA5621}
		{16489A52-982E-4EB5-955B-CAFAB814FF0F} = {CC19DFB2-53BC-4B16-884F-59F028DA5621}
		{2D8D9CAD-B84C-4BD6-90C6-4982E53646DE} = {CC19DFB2-53BC-4B16-884F-59F028DA5621}
		{2A045920-D4CD-42EB-AAE5-7D272A3FBEEB} = {CC19DFB2-53BC-4B16-884F-59F028DA5621}
		{FC31B809-82D2-4631-8DE8-DD147D1CDDA2} = {CC19DFB2-53BC-4B16-884F-59F028DA5621}
		{DAD9D931-4A54-46E9-AFBF-FF75564BB171} = {CC19DFB2-53BC-4B16-884F-59F028DA5621}
		{A97A4DA3-E8CA-4C6A-826C-1F03E103E4C4} = {CC19DFB2-53BC-4B16-884F-59F028DA5621}
		{1B4510FE-FE32-4333-8DD7-0B53B11E131D} = {CC19DFB2-53BC-4B16-884F-59F028DA5621}
		{411EFF06-C001-4B0C-88D3-BB510AF9F857} = {CC19DFB2-53BC-4B16-884F-59F028DA5621}
		{0C59E11C-2A76-4080-92C6-7DA9234A5FCB} = {8BF198D5-1350-4FEC-845A-9A4660D5B660}
		{9B8D8EC8-F895-478F-96DA-FA561A8AE2ED} = {0C59E11C-2A76-4080-92C6-7DA9234A5FCB}
		{360CF64D-B58F-4B9D-B03E-394B8F73483B} = {0C59E11C-2A76-4080-92C6-7DA9234A5FCB}
		{17CD441A-B89D-4D28-821B-0C770947C325} = {0C59E11C-2A76-4080-92C6-7DA9234A5FCB}
		{D599A8DD-98AD-4279-A64D-744FBC7F527B} = {8BF198D5-1350-4FEC-845A-9A4660D5B660}
		{1391A1D9-73F2-4715-9F5A-333CE6483739} = {D599A8DD-98AD-4279-A64D-744FBC7F527B}
		{DA0F8E97-DD2C-4D7F-81D9-FE93995E09E5} = {D599A8DD-98AD-4279-A64D-744FBC7F527B}
		{FF8720FD-3078-4ED1-BBC2-93FDCC86D7E6} = {D599A8DD-98AD-4279-A64D-744FBC7F527B}
		{4BEAF5CC-0ED7-489D-87BE-1B03CE04AFD4} = {D0C99DB4-2408-4939-8019-B62EBD722D84}
		{D891B74E-6A0B-40AF-93A3-F5502FF1152C} = {D0C99DB4-2408-4939-8019-B62EBD722D84}
	EndGlobalSection
	GlobalSection(ExtensibilityGlobals) = postSolution
		SolutionGuid = {61EE9177-C362-43CA-AA69-4C931AD1ACA1}
	EndGlobalSection
EndGlobal
